
Microsoft Visual Studio Solution File, Format Version 12.00
# Visual Studio Version 16
VisualStudioVersion = 16.0.30804.86
MinimumVisualStudioVersion = 10.0.40219.1
Project("{FAE04EC0-301F-11D3-BF4B-00C04F79EFBC}") = "ABU2021_ControlAndDebug", "ABU2021_ControlAndDebug\ABU2021_ControlAndDebug.csproj", "{BE883645-0DAE-431D-93D7-9D0172F4071E}"
EndProject
Project("{FAE04EC0-301F-11D3-BF4B-00C04F79EFBC}") = "MVVMLib", "MVVMLib\MVVMLib.csproj", "{73118484-0E54-41F7-964D-E38292082487}"
EndProject
Project("{FAE04EC0-301F-11D3-BF4B-00C04F79EFBC}") = "JoypadControl", "JoypadControl\JoypadControl.csproj", "{93DE9813-C723-4CAE-A0F3-7618E7B0CB3C}"
EndProject
Global
	GlobalSection(SolutionConfigurationPlatforms) = preSolution
		Debug|Any CPU = Debug|Any CPU
		Release|Any CPU = Release|Any CPU
	EndGlobalSection
	GlobalSection(ProjectConfigurationPlatforms) = postSolution
		{BE883645-0DAE-431D-93D7-9D0172F4071E}.Debug|Any CPU.ActiveCfg = Debug|Any CPU
		{BE883645-0DAE-431D-93D7-9D0172F4071E}.Debug|Any CPU.Build.0 = Debug|Any CPU
		{BE883645-0DAE-431D-93D7-9D0172F4071E}.Release|Any CPU.ActiveCfg = Release|Any CPU
		{BE883645-0DAE-431D-93D7-9D0172F4071E}.Release|Any CPU.Build.0 = Release|Any CPU
		{73118484-0E54-41F7-964D-E38292082487}.Debug|Any CPU.ActiveCfg = Debug|Any CPU
		{73118484-0E54-41F7-964D-E38292082487}.Debug|Any CPU.Build.0 = Debug|Any CPU
		{73118484-0E54-41F7-964D-E38292082487}.Release|Any CPU.ActiveCfg = Release|Any CPU
		{73118484-0E54-41F7-964D-E38292082487}.Release|Any CPU.Build.0 = Release|Any CPU
		{93DE9813-C723-4CAE-A0F3-7618E7B0CB3C}.Debug|Any CPU.ActiveCfg = Debug|Any CPU
		{93DE9813-C723-4CAE-A0F3-7618E7B0CB3C}.Debug|Any CPU.Build.0 = Debug|Any CPU
		{93DE9813-C723-4CAE-A0F3-7618E7B0CB3C}.Release|Any CPU.ActiveCfg = Release|Any CPU
		{93DE9813-C723-4CAE-A0F3-7618E7B0CB3C}.Release|Any CPU.Build.0 = Release|Any CPU
	EndGlobalSection
	GlobalSection(SolutionProperties) = preSolution
		HideSolutionNode = FALSE
	EndGlobalSection
	GlobalSection(ExtensibilityGlobals) = postSolution
		SolutionGuid = {51ECCAD0-F58A-4870-BBB3-C9117A9B0A68}
	EndGlobalSection
EndGlobal
